
Microsoft Visual Studio Solution File, Format Version 12.00
# Visual Studio Version 16
VisualStudioVersion = 16.0.31613.86
MinimumVisualStudioVersion = 10.0.40219.1
Project("{FAE04EC0-301F-11D3-BF4B-00C04F79EFBC}") = "NamedZeusAPI", "NamedZeusAPI\NamedZeusAPI.csproj", "{FD152168-19BE-4C5B-BFC8-EC62159169AA}"
EndProject
Global
	GlobalSection(SolutionConfigurationPlatforms) = preSolution
		Debug|Any CPU = Debug|Any CPU
		Release|Any CPU = Release|Any CPU
	EndGlobalSection
	GlobalSection(ProjectConfigurationPlatforms) = postSolution
		{FD152168-19BE-4C5B-BFC8-EC62159169AA}.Debug|Any CPU.ActiveCfg = Debug|Any CPU
		{FD152168-19BE-4C5B-BFC8-EC62159169AA}.Debug|Any CPU.Build.0 = Debug|Any CPU
		{FD152168-19BE-4C5B-BFC8-EC62159169AA}.Release|Any CPU.ActiveCfg = Release|Any CPU
		{FD152168-19BE-4C5B-BFC8-EC62159169AA}.Release|Any CPU.Build.0 = Release|Any CPU
	EndGlobalSection
	GlobalSection(SolutionProperties) = preSolution
		HideSolutionNode = FALSE
	EndGlobalSection
	GlobalSection(ExtensibilityGlobals) = postSolution
		SolutionGuid = {477C5CA5-EF4A-414E-9D8A-0DD2693DCA84}
	EndGlobalSection
EndGlobal
